{
  "nodes": {
    "beads": {
      "inputs": {
        "nixpkgs": [
          "nixpkgs"
        ]
      },
      "locked": {
        "lastModified": 1773351417,
        "narHash": "sha256-WbbKFGBxu0CyQdECpXiiVU/O2vXS/b19GlAb8Ry3vvA=",
        "ref": "main",
        "rev": "ad0417af95e6cd597720b09fb400098bc4d7fce8",
        "shallow": true,
        "type": "git",
        "url": "ssh://git@github.com/steveyegge/beads.git"
      },
      "original": {
        "ref": "main",
        "shallow": true,
        "type": "git",
        "url": "ssh://git@github.com/steveyegge/beads.git"
      }
    },
    "flake-parts": {
      "inputs": {
        "nixpkgs-lib": [
          "nixpkgs"
        ]
      },
      "locked": {
        "lastModified": 1772408722,
        "narHash": "sha256-rHuJtdcOjK7rAHpHphUb1iCvgkU3GpfvicLMwwnfMT0=",
        "ref": "main",
        "rev": "f20dc5d9b8027381c474144ecabc9034d6a839a3",
        "shallow": true,
        "type": "git",
        "url": "ssh://git@github.com/hercules-ci/flake-parts.git"
      },
      "original": {
        "ref": "main",
        "shallow": true,
        "type": "git",
        "url": "ssh://git@github.com/hercules-ci/flake-parts.git"
      }
    },
    "nixpkgs": {
      "locked": {
        "lastModified": 1773282481,
        "narHash": "sha256-b/GV2ysM8mKHhinse2wz+uP37epUrSE+sAKXy/xvBY4=",
        "ref": "nixos-unstable",
        "rev": "fe416aaedd397cacb33a610b33d60ff2b431b127",
        "shallow": true,
        "type": "git",
        "url": "ssh://git@github.com/NixOS/nixpkgs.git"
      },
      "original": {
        "ref": "nixos-unstable",
        "shallow": true,
        "type": "git",
        "url": "ssh://git@github.com/NixOS/nixpkgs.git"
      }
    },
    "root": {
      "inputs": {
        "beads": "beads",
        "flake-parts": "flake-parts",
        "nixpkgs": "nixpkgs"
      }
    }
  },
  "root": "root",
  "version": 7
}
