{
  "nodes": {
    "beads": {
      "inputs": {
        "nixpkgs": [
          "nixpkgs"
        ]
      },
      "locked": {
        "lastModified": 1774314200,
        "narHash": "sha256-N9odZDjGoF0Tus3t1aImY9n0j5fKGz8ocfxKgQyYuKU=",
        "ref": "main",
        "rev": "c59b27969b7373d6be2e8d5cab028ff03e866919",
        "shallow": true,
        "type": "git",
        "url": "ssh://git@github.com/steveyegge/beads.git"
      },
      "original": {
        "ref": "main",
        "shallow": true,
        "type": "git",
        "url": "ssh://git@github.com/steveyegge/beads.git"
      }
    },
    "flake-parts": {
      "inputs": {
        "nixpkgs-lib": [
          "nixpkgs"
        ]
      },
      "locked": {
        "lastModified": 1772408722,
        "narHash": "sha256-rHuJtdcOjK7rAHpHphUb1iCvgkU3GpfvicLMwwnfMT0=",
        "ref": "main",
        "rev": "f20dc5d9b8027381c474144ecabc9034d6a839a3",
        "shallow": true,
        "type": "git",
        "url": "ssh://git@github.com/hercules-ci/flake-parts.git"
      },
      "original": {
        "ref": "main",
        "shallow": true,
        "type": "git",
        "url": "ssh://git@github.com/hercules-ci/flake-parts.git"
      }
    },
    "nixpkgs": {
      "locked": {
        "lastModified": 1774106199,
        "narHash": "sha256-US5Tda2sKmjrg2lNHQL3jRQ6p96cgfWh3J1QBliQ8Ws=",
        "ref": "nixos-unstable",
        "rev": "6c9a78c09ff4d6c21d0319114873508a6ec01655",
        "shallow": true,
        "type": "git",
        "url": "ssh://git@github.com/NixOS/nixpkgs.git"
      },
      "original": {
        "ref": "nixos-unstable",
        "shallow": true,
        "type": "git",
        "url": "ssh://git@github.com/NixOS/nixpkgs.git"
      }
    },
    "root": {
      "inputs": {
        "beads": "beads",
        "flake-parts": "flake-parts",
        "nixpkgs": "nixpkgs",
        "rust-overlay": "rust-overlay"
      }
    },
    "rust-overlay": {
      "inputs": {
        "nixpkgs": [
          "nixpkgs"
        ]
      },
      "locked": {
        "lastModified": 1774321696,
        "narHash": "sha256-g18xMjMNla/nsF5XyQCNyWmtb2UlZpkY0XE8KinIXAA=",
        "ref": "master",
        "rev": "49a67e6894d4cb782842ee6faa466aa90c92812d",
        "shallow": true,
        "type": "git",
        "url": "ssh://git@github.com/oxalica/rust-overlay.git"
      },
      "original": {
        "ref": "master",
        "shallow": true,
        "type": "git",
        "url": "ssh://git@github.com/oxalica/rust-overlay.git"
      }
    }
  },
  "root": "root",
  "version": 7
}
