{
  "nodes": {
    "beads": {
      "inputs": {
        "nixpkgs": [
          "nixpkgs"
        ]
      },
      "locked": {
        "lastModified": 1775194149,
        "narHash": "sha256-D2jShGpkOWKx9aRmRvV5bmV8t0/Y2eAE8q0m54QrRN0=",
        "ref": "main",
        "rev": "72170267e00a96ec888f68a3279ddf0173b7adc7",
        "shallow": true,
        "type": "git",
        "url": "ssh://git@github.com/steveyegge/beads.git"
      },
      "original": {
        "ref": "main",
        "shallow": true,
        "type": "git",
        "url": "ssh://git@github.com/steveyegge/beads.git"
      }
    },
    "flake-parts": {
      "inputs": {
        "nixpkgs-lib": [
          "nixpkgs"
        ]
      },
      "locked": {
        "lastModified": 1775087534,
        "narHash": "sha256-91qqW8lhL7TLwgQWijoGBbiD4t7/q75KTi8NxjVmSmA=",
        "ref": "main",
        "rev": "3107b77cd68437b9a76194f0f7f9c55f2329ca5b",
        "shallow": true,
        "type": "git",
        "url": "ssh://git@github.com/hercules-ci/flake-parts.git"
      },
      "original": {
        "ref": "main",
        "shallow": true,
        "type": "git",
        "url": "ssh://git@github.com/hercules-ci/flake-parts.git"
      }
    },
    "gascity": {
      "flake": false,
      "locked": {
        "lastModified": 1775205468,
        "narHash": "sha256-AQ5MAB7t3No84JV+Z+tuC8sNha993dMkvZQPpurW4pk=",
        "ref": "main",
        "rev": "cdb46e9b4e0ccf9cd15a3d90371fbea585204095",
        "shallow": true,
        "type": "git",
        "url": "ssh://git@github.com/gastownhall/gascity.git"
      },
      "original": {
        "ref": "main",
        "shallow": true,
        "type": "git",
        "url": "ssh://git@github.com/gastownhall/gascity.git"
      }
    },
    "nixpkgs": {
      "locked": {
        "lastModified": 1774709303,
        "narHash": "sha256-D3Q07BbIA2KnTcSXIqqu9P586uWxN74zNoCH3h2ESHg=",
        "ref": "nixos-unstable",
        "rev": "8110df5ad7abf5d4c0f6fb0f8f978390e77f9685",
        "shallow": true,
        "type": "git",
        "url": "ssh://git@github.com/NixOS/nixpkgs.git"
      },
      "original": {
        "ref": "nixos-unstable",
        "shallow": true,
        "type": "git",
        "url": "ssh://git@github.com/NixOS/nixpkgs.git"
      }
    },
    "root": {
      "inputs": {
        "beads": "beads",
        "flake-parts": "flake-parts",
        "gascity": "gascity",
        "nixpkgs": "nixpkgs",
        "rust-overlay": "rust-overlay",
        "treefmt-nix": "treefmt-nix"
      }
    },
    "rust-overlay": {
      "inputs": {
        "nixpkgs": [
          "nixpkgs"
        ]
      },
      "locked": {
        "lastModified": 1775185947,
        "narHash": "sha256-8ctPmj6RME4q4ELeg+BuY9lV/34M4AG1CNc0Im9PDDk=",
        "ref": "master",
        "rev": "199eeb6748116f7da4fbd3a680bc854e99d9132b",
        "shallow": true,
        "type": "git",
        "url": "ssh://git@github.com/oxalica/rust-overlay.git"
      },
      "original": {
        "ref": "master",
        "shallow": true,
        "type": "git",
        "url": "ssh://git@github.com/oxalica/rust-overlay.git"
      }
    },
    "treefmt-nix": {
      "inputs": {
        "nixpkgs": [
          "nixpkgs"
        ]
      },
      "locked": {
        "lastModified": 1775125835,
        "narHash": "sha256-2qYcPgzFhnQWchHo0SlqLHrXpux5i6ay6UHA+v2iH4U=",
        "ref": "main",
        "rev": "75925962939880974e3ab417879daffcba36c4a3",
        "shallow": true,
        "type": "git",
        "url": "https://github.com/numtide/treefmt-nix.git"
      },
      "original": {
        "ref": "main",
        "shallow": true,
        "type": "git",
        "url": "https://github.com/numtide/treefmt-nix.git"
      }
    }
  },
  "root": "root",
  "version": 7
}
